<Solution>
  <Configurations>
    <Platform Name="Any CPU" />
    <Platform Name="x64" />
    <Platform Name="x86" />
  </Configurations>
  <Folder Name="/src/">
    <Project Path="src/Privatekonomi.Api/Privatekonomi.Api.csproj" />
    <Project Path="src/Privatekonomi.AppHost/Privatekonomi.AppHost.csproj" />
    <Project Path="src/Privatekonomi.Core/Privatekonomi.Core.csproj" />
    <Project Path="src/Privatekonomi.ServiceDefaults/Privatekonomi.ServiceDefaults.csproj" />
    <Project Path="src/Privatekonomi.Web/Privatekonomi.Web.csproj" />
  </Folder>
  <Folder Name="/tests/">
    <Project Path="tests/Privatekonomi.Api.Tests/Privatekonomi.Api.Tests.csproj" />
    <Project Path="tests/Privatekonomi.Core.Tests/Privatekonomi.Core.Tests.csproj" />
  </Folder>
  <Project Path=".SolutionItems.csproj"  Build="false" Project="false" />
</Solution>
